
Microsoft Visual Studio Solution File, Format Version 12.00
# Visual Studio Version 16
VisualStudioVersion = 16.0.810.20
MinimumVisualStudioVersion = 10.0.40219.1
Project("{FAE04EC0-301F-11D3-BF4B-00C04F79EFBC}") = "MethodsWithLoopsAndConditionals", "MethodsWithLoopsAndConditionals\MethodsWithLoopsAndConditionals.csproj", "{DD980ACF-5813-4AA7-9C8A-CF27E3870745}"
EndProject
Global
	GlobalSection(SolutionConfigurationPlatforms) = preSolution
		Debug|Any CPU = Debug|Any CPU
		Release|Any CPU = Release|Any CPU
	EndGlobalSection
	GlobalSection(ProjectConfigurationPlatforms) = postSolution
		{DD980ACF-5813-4AA7-9C8A-CF27E3870745}.Debug|Any CPU.ActiveCfg = Debug|Any CPU
		{DD980ACF-5813-4AA7-9C8A-CF27E3870745}.Debug|Any CPU.Build.0 = Debug|Any CPU
		{DD980ACF-5813-4AA7-9C8A-CF27E3870745}.Release|Any CPU.ActiveCfg = Release|Any CPU
		{DD980ACF-5813-4AA7-9C8A-CF27E3870745}.Release|Any CPU.Build.0 = Release|Any CPU
	EndGlobalSection
	GlobalSection(SolutionProperties) = preSolution
		HideSolutionNode = FALSE
	EndGlobalSection
	GlobalSection(ExtensibilityGlobals) = postSolution
		SolutionGuid = {B26BBCC7-99C6-4A96-AC81-3B9D64FA2F70}
	EndGlobalSection
EndGlobal
